<?xml version="1.0" encoding="utf-8"?>
<Project ToolsVersion="15.0" xmlns="http://schemas.microsoft.com/developer/msbuild/2003">
  <ItemGroup>
    <Filter Include="Resources">
      <UniqueIdentifier>c76b3011-aa5a-473d-9beb-fe447a30c99b</UniqueIdentifier>
      <Extensions>rc;ico;cur;bmp;dlg;rc2;rct;bin;rgs;gif;jpg;jpeg;jpe;resx;tga;tiff;tif;png;wav;mfcribbon-ms</Extensions>
    </Filter>
    <Filter Include="GstVideoControl">
      <UniqueIdentifier>{30e0b786-0586-40f5-9743-8af4f1ec9f01}</UniqueIdentifier>
    </Filter>
    <Filter Include="GstDependencies">
      <UniqueIdentifier>{012277b4-412c-4591-b14b-3ebc5a7e84ac}</UniqueIdentifier>
    </Filter>
  </ItemGroup>
  <ItemGroup>
    <ClCompile Include="pch.cpp" />
    <ClCompile Include="GstWrapper.cpp">
      <Filter>GstVideoControl</Filter>
    </ClCompile>
  </ItemGroup>
  <ItemGroup>
    <ClInclude Include="pch.h" />
    <ClInclude Include="GstWrapper.h">
      <Filter>GstVideoControl</Filter>
    </ClInclude>
    <ClInclude Include="Utils.h">
      <Filter>GstVideoControl</Filter>
    </ClInclude>
  </ItemGroup>
  <ItemGroup>
    <Page Include="GstVideoControl.xaml">
      <Filter>GstVideoControl</Filter>
    </Page>
  </ItemGroup>
  <ItemGroup>
    <Image Include="artifact.png">
      <Filter>Resources</Filter>
    </Image>
  </ItemGroup>
  <ItemGroup>
    <None Include="..\..\gstreamer_uwp_x64_libs\x86_64\bin\ffi-7.dll">
      <Filter>GstDependencies</Filter>
    </None>
    <None Include="..\..\gstreamer_uwp_x64_libs\x86_64\bin\gio-2.0-0.dll">
      <Filter>GstDependencies</Filter>
    </None>
    <None Include="..\..\gstreamer_uwp_x64_libs\x86_64\bin\glib-2.0-0.dll">
      <Filter>GstDependencies</Filter>
    </None>
    <None Include="..\..\gstreamer_uwp_x64_libs\x86_64\bin\gmodule-2.0-0.dll">
      <Filter>GstDependencies</Filter>
    </None>
    <None Include="..\..\gstreamer_uwp_x64_libs\x86_64\bin\gobject-2.0-0.dll">
      <Filter>GstDependencies</Filter>
    </None>
    <None Include="..\..\gstreamer_uwp_x64_libs\x86_64\bin\gstapp-1.0-0.dll">
      <Filter>GstDependencies</Filter>
    </None>
    <None Include="..\..\gstreamer_uwp_x64_libs\x86_64\bin\gstbase-1.0-0.dll">
      <Filter>GstDependencies</Filter>
    </None>
    <None Include="..\..\gstreamer_uwp_x64_libs\x86_64\bin\gstgl-1.0-0.dll">
      <Filter>GstDependencies</Filter>
    </None>
    <None Include="..\..\gstreamer_uwp_x64_libs\x86_64\bin\gstreamer-1.0-0.dll">
      <Filter>GstDependencies</Filter>
    </None>
    <None Include="..\..\gstreamer_uwp_x64_libs\x86_64\bin\gstsdp-1.0-0.dll">
      <Filter>GstDependencies</Filter>
    </None>
    <None Include="..\..\gstreamer_uwp_x64_libs\x86_64\bin\gstvideo-1.0-0.dll">
      <Filter>GstDependencies</Filter>
    </None>
    <None Include="..\..\gstreamer_uwp_x64_libs\x86_64\bin\gstwebrtc-1.0-0.dll">
      <Filter>GstDependencies</Filter>
    </None>
    <None Include="..\..\gstreamer_uwp_x64_libs\x86_64\bin\intl-8.dll">
      <Filter>GstDependencies</Filter>
    </None>
    <None Include="..\..\gstreamer_uwp_x64_libs\x86_64\bin\orc-0.4-0.dll">
      <Filter>GstDependencies</Filter>
    </None>
    <None Include="..\..\gstreamer_uwp_x64_libs\x86_64\lib\gstreamer-1.0\gstapp.dll">
      <Filter>GstDependencies</Filter>
    </None>
    <None Include="..\..\gstreamer_uwp_x64_libs\x86_64\bin\gstaudio-1.0-0.dll">
      <Filter>GstDependencies</Filter>
    </None>
    <None Include="..\..\gstreamer_uwp_x64_libs\x86_64\lib\gstreamer-1.0\gstaudiobuffersplit.dll">
      <Filter>GstDependencies</Filter>
    </None>
    <None Include="..\..\gstreamer_uwp_x64_libs\x86_64\lib\gstreamer-1.0\gstaudioconvert.dll">
      <Filter>GstDependencies</Filter>
    </None>
    <None Include="..\..\gstreamer_uwp_x64_libs\x86_64\lib\gstreamer-1.0\gstaudiorate.dll">
      <Filter>GstDependencies</Filter>
    </None>
    <None Include="..\..\gstreamer_uwp_x64_libs\x86_64\lib\gstreamer-1.0\gstaudioresample.dll">
      <Filter>GstDependencies</Filter>
    </None>
    <None Include="..\..\gstreamer_uwp_x64_libs\x86_64\lib\gstreamer-1.0\gstaudiotestsrc.dll">
      <Filter>GstDependencies</Filter>
    </None>
    <None Include="..\..\gstreamer_uwp_x64_libs\x86_64\lib\gstreamer-1.0\gstautodetect.dll">
      <Filter>GstDependencies</Filter>
    </None>
    <None Include="..\..\gstreamer_uwp_x64_libs\x86_64\bin\gstcodecparsers-1.0-0.dll">
      <Filter>GstDependencies</Filter>
    </None>
    <None Include="..\..\gstreamer_uwp_x64_libs\x86_64\bin\gstcodecs-1.0-0.dll">
      <Filter>GstDependencies</Filter>
    </None>
    <None Include="..\..\gstreamer_uwp_x64_libs\x86_64\bin\gstcontroller-1.0-0.dll">
      <Filter>GstDependencies</Filter>
    </None>
    <None Include="..\..\gstreamer_uwp_x64_libs\x86_64\lib\gstreamer-1.0\gstcoreelements.dll">
      <Filter>GstDependencies</Filter>
    </None>
    <None Include="..\..\gstreamer_uwp_x64_libs\x86_64\lib\gstreamer-1.0\gstd3d11.dll">
      <Filter>GstDependencies</Filter>
    </None>
    <None Include="..\..\gstreamer_uwp_x64_libs\x86_64\lib\gstreamer-1.0\gstdtls.dll">
      <Filter>GstDependencies</Filter>
    </None>
    <None Include="..\..\gstreamer_uwp_x64_libs\x86_64\lib\gstreamer-1.0\gstinterleave.dll">
      <Filter>GstDependencies</Filter>
    </None>
    <None Include="..\..\gstreamer_uwp_x64_libs\x86_64\lib\gstreamer-1.0\gstmediafoundation.dll">
      <Filter>GstDependencies</Filter>
    </None>
    <None Include="..\..\gstreamer_uwp_x64_libs\x86_64\bin\gstnet-1.0-0.dll">
      <Filter>GstDependencies</Filter>
    </None>
    <None Include="..\..\gstreamer_uwp_x64_libs\x86_64\lib\gstreamer-1.0\gstnice.dll">
      <Filter>GstDependencies</Filter>
    </None>
    <None Include="..\..\gstreamer_uwp_x64_libs\x86_64\lib\gstreamer-1.0\gstopengl.dll">
      <Filter>GstDependencies</Filter>
    </None>
    <None Include="..\..\gstreamer_uwp_x64_libs\x86_64\lib\gstreamer-1.0\gstopenh264.dll">
      <Filter>GstDependencies</Filter>
    </None>
    <None Include="..\..\gstreamer_uwp_x64_libs\x86_64\lib\gstreamer-1.0\gstopus.dll">
      <Filter>GstDependencies</Filter>
    </None>
    <None Include="..\..\gstreamer_uwp_x64_libs\x86_64\bin\gstpbutils-1.0-0.dll">
      <Filter>GstDependencies</Filter>
    </None>
    <None Include="..\..\gstreamer_uwp_x64_libs\x86_64\lib\gstreamer-1.0\gstplayback.dll">
      <Filter>GstDependencies</Filter>
    </None>
    <None Include="..\..\gstreamer_uwp_x64_libs\x86_64\lib\gstreamer-1.0\gstproxy.dll">
      <Filter>GstDependencies</Filter>
    </None>
    <None Include="..\..\gstreamer_uwp_x64_libs\x86_64\lib\gstreamer-1.0\gstrtp.dll">
      <Filter>GstDependencies</Filter>
    </None>
    <None Include="..\..\gstreamer_uwp_x64_libs\x86_64\bin\gstrtp-1.0-0.dll">
      <Filter>GstDependencies</Filter>
    </None>
    <None Include="..\..\gstreamer_uwp_x64_libs\x86_64\lib\gstreamer-1.0\gstrtpmanager.dll">
      <Filter>GstDependencies</Filter>
    </None>
    <None Include="..\..\gstreamer_uwp_x64_libs\x86_64\lib\gstreamer-1.0\gstsctp.dll">
      <Filter>GstDependencies</Filter>
    </None>
    <None Include="..\..\gstreamer_uwp_x64_libs\x86_64\bin\gstsctp-1.0-0.dll">
      <Filter>GstDependencies</Filter>
    </None>
    <None Include="..\..\gstreamer_uwp_x64_libs\x86_64\lib\gstreamer-1.0\gstsrtp.dll">
      <Filter>GstDependencies</Filter>
    </None>
    <None Include="..\..\gstreamer_uwp_x64_libs\x86_64\bin\gsttag-1.0-0.dll">
      <Filter>GstDependencies</Filter>
    </None>
    <None Include="..\..\gstreamer_uwp_x64_libs\x86_64\lib\gstreamer-1.0\gstvideoconvert.dll">
      <Filter>GstDependencies</Filter>
    </None>
    <None Include="..\..\gstreamer_uwp_x64_libs\x86_64\lib\gstreamer-1.0\gstvideoparsersbad.dll">
      <Filter>GstDependencies</Filter>
    </None>
    <None Include="..\..\gstreamer_uwp_x64_libs\x86_64\lib\gstreamer-1.0\gstvideorate.dll">
      <Filter>GstDependencies</Filter>
    </None>
    <None Include="..\..\gstreamer_uwp_x64_libs\x86_64\lib\gstreamer-1.0\gstvideoscale.dll">
      <Filter>GstDependencies</Filter>
    </None>
    <None Include="..\..\gstreamer_uwp_x64_libs\x86_64\lib\gstreamer-1.0\gstvideotestsrc.dll">
      <Filter>GstDependencies</Filter>
    </None>
    <None Include="..\..\gstreamer_uwp_x64_libs\x86_64\lib\gstreamer-1.0\gstvpx.dll">
      <Filter>GstDependencies</Filter>
    </None>
    <None Include="..\..\gstreamer_uwp_x64_libs\x86_64\lib\gstreamer-1.0\gstwasapi2.dll">
      <Filter>GstDependencies</Filter>
    </None>
    <None Include="..\..\gstreamer_uwp_x64_libs\x86_64\lib\gstreamer-1.0\gstwebrtc.dll">
      <Filter>GstDependencies</Filter>
    </None>
    <None Include="..\..\gstreamer_uwp_x64_libs\x86_64\bin\nice-10.dll">
      <Filter>GstDependencies</Filter>
    </None>
    <None Include="..\..\gstreamer_uwp_x64_libs\x86_64\bin\openh264-6.dll">
      <Filter>GstDependencies</Filter>
    </None>
    <None Include="..\..\gstreamer_uwp_x64_libs\x86_64\bin\opus-0.dll">
      <Filter>GstDependencies</Filter>
    </None>
    <None Include="..\..\gstreamer_uwp_x64_libs\x86_64\bin\srtp2-1.dll">
      <Filter>GstDependencies</Filter>
    </None>
    <None Include="..\..\gstreamer_uwp_x64_libs\x86_64\bin\z-1.dll">
      <Filter>GstDependencies</Filter>
    </None>
  </ItemGroup>
</Project>