<?xml version="1.0" encoding="utf-8"?>
<Project ToolsVersion="15.0" xmlns="http://schemas.microsoft.com/developer/msbuild/2003">
  <ItemGroup>
    <Filter Include="Common">
      <UniqueIdentifier>7bbb1ae0-4d7b-4bae-a0ae-f90f676c978e</UniqueIdentifier>
    </Filter>
    <Filter Include="Assets">
      <UniqueIdentifier>e2d3ce87-d35f-4a90-8973-9c465c7103e8</UniqueIdentifier>
      <Extensions>bmp;fbx;gif;jpg;jpeg;tga;tiff;tif;png</Extensions>
    </Filter>
    <Filter Include="GstDependencies">
      <UniqueIdentifier>{6c470554-2b07-4a10-8075-91b46cc94743}</UniqueIdentifier>
    </Filter>
  </ItemGroup>
  <ItemGroup>
    <ApplicationDefinition Include="App.xaml" />
  </ItemGroup>
  <ItemGroup>
    <ClCompile Include="pch.cpp" />
  </ItemGroup>
  <ItemGroup>
    <ClInclude Include="pch.h" />
  </ItemGroup>
  <ItemGroup>
    <Image Include="Assets\LockScreenLogo.scale-200.png">
      <Filter>Assets</Filter>
    </Image>
    <Image Include="Assets\SplashScreen.scale-200.png">
      <Filter>Assets</Filter>
    </Image>
    <Image Include="Assets\Square150x150Logo.scale-200.png">
      <Filter>Assets</Filter>
    </Image>
    <Image Include="Assets\Square44x44Logo.scale-200.png">
      <Filter>Assets</Filter>
    </Image>
    <Image Include="Assets\Square44x44Logo.targetsize-24_altform-unplated.png">
      <Filter>Assets</Filter>
    </Image>
    <Image Include="Assets\StoreLogo.png">
      <Filter>Assets</Filter>
    </Image>
    <Image Include="Assets\Wide310x150Logo.scale-200.png">
      <Filter>Assets</Filter>
    </Image>
  </ItemGroup>
  <ItemGroup>
    <AppxManifest Include="Package.appxmanifest" />
  </ItemGroup>
  <ItemGroup>
    <Page Include="MainPage.xaml" />
  </ItemGroup>
  <ItemGroup>
    <None Include="..\..\gstreamer_uwp_x64_libs\x86_64\bin\ffi-7.dll">
      <Filter>GstDependencies</Filter>
    </None>
    <None Include="..\..\gstreamer_uwp_x64_libs\x86_64\bin\gio-2.0-0.dll">
      <Filter>GstDependencies</Filter>
    </None>
    <None Include="..\..\gstreamer_uwp_x64_libs\x86_64\bin\glib-2.0-0.dll">
      <Filter>GstDependencies</Filter>
    </None>
    <None Include="..\..\gstreamer_uwp_x64_libs\x86_64\bin\gmodule-2.0-0.dll">
      <Filter>GstDependencies</Filter>
    </None>
    <None Include="..\..\gstreamer_uwp_x64_libs\x86_64\bin\gobject-2.0-0.dll">
      <Filter>GstDependencies</Filter>
    </None>
    <None Include="..\..\gstreamer_uwp_x64_libs\x86_64\bin\gstapp-1.0-0.dll">
      <Filter>GstDependencies</Filter>
    </None>
    <None Include="..\..\gstreamer_uwp_x64_libs\x86_64\bin\gstbase-1.0-0.dll">
      <Filter>GstDependencies</Filter>
    </None>
    <None Include="..\..\gstreamer_uwp_x64_libs\x86_64\bin\gstgl-1.0-0.dll">
      <Filter>GstDependencies</Filter>
    </None>
    <None Include="..\..\gstreamer_uwp_x64_libs\x86_64\bin\gstplayer-1.0-0.dll">
      <Filter>GstDependencies</Filter>
    </None>
    <None Include="..\..\gstreamer_uwp_x64_libs\x86_64\bin\gstreamer-1.0-0.dll">
      <Filter>GstDependencies</Filter>
    </None>
    <None Include="..\..\gstreamer_uwp_x64_libs\x86_64\bin\gstsdp-1.0-0.dll">
      <Filter>GstDependencies</Filter>
    </None>
    <None Include="..\..\gstreamer_uwp_x64_libs\x86_64\bin\gstvideo-1.0-0.dll">
      <Filter>GstDependencies</Filter>
    </None>
    <None Include="..\..\gstreamer_uwp_x64_libs\x86_64\bin\gstwebrtc-1.0-0.dll">
      <Filter>GstDependencies</Filter>
    </None>
    <None Include="..\..\gstreamer_uwp_x64_libs\x86_64\bin\intl-8.dll">
      <Filter>GstDependencies</Filter>
    </None>
    <None Include="..\..\gstreamer_uwp_x64_libs\x86_64\bin\orc-0.4-0.dll">
      <Filter>GstDependencies</Filter>
    </None>
  </ItemGroup>
</Project>